
Microsoft Visual Studio Solution File, Format Version 12.00
# Visual Studio Version 16
VisualStudioVersion = 16.0.31515.178
MinimumVisualStudioVersion = 10.0.40219.1
Project("{FAE04EC0-301F-11D3-BF4B-00C04F79EFBC}") = "MVVM_WPF_PRISM_EXAMPLES", "MVVM_WPF_PRISM_EXAMPLES\MVVM_WPF_PRISM_EXAMPLES.csproj", "{0B02620E-BC80-49F5-A3A9-6288732129A8}"
EndProject
Global
	GlobalSection(SolutionConfigurationPlatforms) = preSolution
		Debug|Any CPU = Debug|Any CPU
		Release|Any CPU = Release|Any CPU
	EndGlobalSection
	GlobalSection(ProjectConfigurationPlatforms) = postSolution
		{0B02620E-BC80-49F5-A3A9-6288732129A8}.Debug|Any CPU.ActiveCfg = Debug|Any CPU
		{0B02620E-BC80-49F5-A3A9-6288732129A8}.Debug|Any CPU.Build.0 = Debug|Any CPU
		{0B02620E-BC80-49F5-A3A9-6288732129A8}.Release|Any CPU.ActiveCfg = Release|Any CPU
		{0B02620E-BC80-49F5-A3A9-6288732129A8}.Release|Any CPU.Build.0 = Release|Any CPU
	EndGlobalSection
	GlobalSection(SolutionProperties) = preSolution
		HideSolutionNode = FALSE
	EndGlobalSection
	GlobalSection(ExtensibilityGlobals) = postSolution
		SolutionGuid = {F90FAC98-871C-49C4-9084-91ECB7C68B6F}
	EndGlobalSection
EndGlobal
